// !$*UTF8*$!
{
	archiveVersion = 1;
	classes = {
	};
	objectVersion = 56;
	objects = {

/* Begin PBXBuildFile section */
		BA7F054E2C2136D1003C88DE /* SHUApp.swift in Sources */ = {isa = PBXBuildFile; fileRef = BA7F054D2C2136D1003C88DE /* SHUApp.swift */; };
		BA7F05502C2136D1003C88DE /* ContentView.swift in Sources */ = {isa = PBXBuildFile; fileRef = BA7F054F2C2136D1003C88DE /* ContentView.swift */; };
		BA7F05522C2136D2003C88DE /* Assets.xcassets in Resources */ = {isa = PBXBuildFile; fileRef = BA7F05512C2136D2003C88DE /* Assets.xcassets */; };
		BA7F05552C2136D2003C88DE /* Preview Assets.xcassets in Resources */ = {isa = PBXBuildFile; fileRef = BA7F05542C2136D2003C88DE /* Preview Assets.xcassets */; };
		BA959EE12C21D6E3004344CE /* DatePickerView.swift in Sources */ = {isa = PBXBuildFile; fileRef = BA959EE02C21D6E3004344CE /* DatePickerView.swift */; };
		BA959EE32C21E364004344CE /* TimePickerView.swift in Sources */ = {isa = PBXBuildFile; fileRef = BA959EE22C21E364004344CE /* TimePickerView.swift */; };
		BAE687252C2164DA00054EA5 /* Model.swift in Sources */ = {isa = PBXBuildFile; fileRef = BAE687242C2164DA00054EA5 /* Model.swift */; };
		BAE687272C21693D00054EA5 /* alarm.mp3 in Resources */ = {isa = PBXBuildFile; fileRef = BAE687262C21693C00054EA5 /* alarm.mp3 */; };
		BAE687292C21696C00054EA5 /* AppIntents.swift in Sources */ = {isa = PBXBuildFile; fileRef = BAE687282C21696C00054EA5 /* AppIntents.swift */; };
		BAE6872D2C216D2800054EA5 /* ListRowView.swift in Sources */ = {isa = PBXBuildFile; fileRef = BAE6872C2C216D2800054EA5 /* ListRowView.swift */; };
		BAE6872F2C21711100054EA5 /* AlarmView.swift in Sources */ = {isa = PBXBuildFile; fileRef = BAE6872E2C21711100054EA5 /* AlarmView.swift */; };
		BAE687332C21747E00054EA5 /* Constants.swift in Sources */ = {isa = PBXBuildFile; fileRef = BAE687322C21747E00054EA5 /* Constants.swift */; };
/* End PBXBuildFile section */

/* Begin PBXFileReference section */
		BA7F054A2C2136D1003C88DE /* SHU.app */ = {isa = PBXFileReference; explicitFileType = wrapper.application; includeInIndex = 0; path = SHU.app; sourceTree = BUILT_PRODUCTS_DIR; };
		BA7F054D2C2136D1003C88DE /* SHUApp.swift */ = {isa = PBXFileReference; lastKnownFileType = sourcecode.swift; path = SHUApp.swift; sourceTree = "<group>"; };
		BA7F054F2C2136D1003C88DE /* ContentView.swift */ = {isa = PBXFileReference; lastKnownFileType = sourcecode.swift; path = ContentView.swift; sourceTree = "<group>"; };
		BA7F05512C2136D2003C88DE /* Assets.xcassets */ = {isa = PBXFileReference; lastKnownFileType = folder.assetcatalog; path = Assets.xcassets; sourceTree = "<group>"; };
		BA7F05542C2136D2003C88DE /* Preview Assets.xcassets */ = {isa = PBXFileReference; lastKnownFileType = folder.assetcatalog; path = "Preview Assets.xcassets"; sourceTree = "<group>"; };
		BA959EE02C21D6E3004344CE /* DatePickerView.swift */ = {isa = PBXFileReference; lastKnownFileType = sourcecode.swift; path = DatePickerView.swift; sourceTree = "<group>"; };
		BA959EE22C21E364004344CE /* TimePickerView.swift */ = {isa = PBXFileReference; lastKnownFileType = sourcecode.swift; path = TimePickerView.swift; sourceTree = "<group>"; };
		BAE687242C2164DA00054EA5 /* Model.swift */ = {isa = PBXFileReference; lastKnownFileType = sourcecode.swift; path = Model.swift; sourceTree = "<group>"; };
		BAE687262C21693C00054EA5 /* alarm.mp3 */ = {isa = PBXFileReference; lastKnownFileType = audio.mp3; path = alarm.mp3; sourceTree = "<group>"; };
		BAE687282C21696C00054EA5 /* AppIntents.swift */ = {isa = PBXFileReference; lastKnownFileType = sourcecode.swift; path = AppIntents.swift; sourceTree = "<group>"; };
		BAE6872C2C216D2800054EA5 /* ListRowView.swift */ = {isa = PBXFileReference; lastKnownFileType = sourcecode.swift; path = ListRowView.swift; sourceTree = "<group>"; };
		BAE6872E2C21711100054EA5 /* AlarmView.swift */ = {isa = PBXFileReference; lastKnownFileType = sourcecode.swift; path = AlarmView.swift; sourceTree = "<group>"; };
		BAE687322C21747E00054EA5 /* Constants.swift */ = {isa = PBXFileReference; lastKnownFileType = sourcecode.swift; path = Constants.swift; sourceTree = "<group>"; };
/* End PBXFileReference section */

/* Begin PBXFrameworksBuildPhase section */
		BA7F05472C2136D1003C88DE /* Frameworks */ = {
			isa = PBXFrameworksBuildPhase;
			buildActionMask = 2147483647;
			files = (
			);
			runOnlyForDeploymentPostprocessing = 0;
		};
/* End PBXFrameworksBuildPhase section */

/* Begin PBXGroup section */
		BA7F05412C2136D1003C88DE = {
			isa = PBXGroup;
			children = (
				BA7F054C2C2136D1003C88DE /* SHU */,
				BA7F054B2C2136D1003C88DE /* Products */,
			);
			sourceTree = "<group>";
		};
		BA7F054B2C2136D1003C88DE /* Products */ = {
			isa = PBXGroup;
			children = (
				BA7F054A2C2136D1003C88DE /* SHU.app */,
			);
			name = Products;
			sourceTree = "<group>";
		};
		BA7F054C2C2136D1003C88DE /* SHU */ = {
			isa = PBXGroup;
			children = (
				BA7F054D2C2136D1003C88DE /* SHUApp.swift */,
				BAE687322C21747E00054EA5 /* Constants.swift */,
				BAE6872A2C216A1200054EA5 /* Model+AppIntents */,
				BAE6872B2C216A5B00054EA5 /* Views */,
				BA7F05512C2136D2003C88DE /* Assets.xcassets */,
				BAE687262C21693C00054EA5 /* alarm.mp3 */,
				BA7F05532C2136D2003C88DE /* Preview Content */,
			);
			path = SHU;
			sourceTree = "<group>";
		};
		BA7F05532C2136D2003C88DE /* Preview Content */ = {
			isa = PBXGroup;
			children = (
				BA7F05542C2136D2003C88DE /* Preview Assets.xcassets */,
			);
			path = "Preview Content";
			sourceTree = "<group>";
		};
		BAE6872A2C216A1200054EA5 /* Model+AppIntents */ = {
			isa = PBXGroup;
			children = (
				BAE687242C2164DA00054EA5 /* Model.swift */,
				BAE687282C21696C00054EA5 /* AppIntents.swift */,
			);
			path = "Model+AppIntents";
			sourceTree = "<group>";
		};
		BAE6872B2C216A5B00054EA5 /* Views */ = {
			isa = PBXGroup;
			children = (
				BA7F054F2C2136D1003C88DE /* ContentView.swift */,
				BA959EE22C21E364004344CE /* TimePickerView.swift */,
				BA959EE02C21D6E3004344CE /* DatePickerView.swift */,
				BAE6872E2C21711100054EA5 /* AlarmView.swift */,
				BAE6872C2C216D2800054EA5 /* ListRowView.swift */,
			);
			path = Views;
			sourceTree = "<group>";
		};
/* End PBXGroup section */

/* Begin PBXNativeTarget section */
		BA7F05492C2136D1003C88DE /* SHU */ = {
			isa = PBXNativeTarget;
			buildConfigurationList = BA7F05582C2136D2003C88DE /* Build configuration list for PBXNativeTarget "SHU" */;
			buildPhases = (
				BA7F05462C2136D1003C88DE /* Sources */,
				BA7F05472C2136D1003C88DE /* Frameworks */,
				BA7F05482C2136D1003C88DE /* Resources */,
			);
			buildRules = (
			);
			dependencies = (
			);
			name = SHU;
			productName = SHU;
			productReference = BA7F054A2C2136D1003C88DE /* SHU.app */;
			productType = "com.apple.product-type.application";
		};
/* End PBXNativeTarget section */

/* Begin PBXProject section */
		BA7F05422C2136D1003C88DE /* Project object */ = {
			isa = PBXProject;
			attributes = {
				BuildIndependentTargetsInParallel = 1;
				LastSwiftUpdateCheck = 1530;
				LastUpgradeCheck = 1530;
				TargetAttributes = {
					BA7F05492C2136D1003C88DE = {
						CreatedOnToolsVersion = 15.3;
					};
				};
			};
			buildConfigurationList = BA7F05452C2136D1003C88DE /* Build configuration list for PBXProject "SHU" */;
			compatibilityVersion = "Xcode 14.0";
			developmentRegion = en;
			hasScannedForEncodings = 0;
			knownRegions = (
				en,
				Base,
			);
			mainGroup = BA7F05412C2136D1003C88DE;
			productRefGroup = BA7F054B2C2136D1003C88DE /* Products */;
			projectDirPath = "";
			projectRoot = "";
			targets = (
				BA7F05492C2136D1003C88DE /* SHU */,
			);
		};
/* End PBXProject section */

/* Begin PBXResourcesBuildPhase section */
		BA7F05482C2136D1003C88DE /* Resources */ = {
			isa = PBXResourcesBuildPhase;
			buildActionMask = 2147483647;
			files = (
				BA7F05552C2136D2003C88DE /* Preview Assets.xcassets in Resources */,
				BA7F05522C2136D2003C88DE /* Assets.xcassets in Resources */,
				BAE687272C21693D00054EA5 /* alarm.mp3 in Resources */,
			);
			runOnlyForDeploymentPostprocessing = 0;
		};
/* End PBXResourcesBuildPhase section */

/* Begin PBXSourcesBuildPhase section */
		BA7F05462C2136D1003C88DE /* Sources */ = {
			isa = PBXSourcesBuildPhase;
			buildActionMask = 2147483647;
			files = (
				BAE687252C2164DA00054EA5 /* Model.swift in Sources */,
				BA959EE32C21E364004344CE /* TimePickerView.swift in Sources */,
				BAE687292C21696C00054EA5 /* AppIntents.swift in Sources */,
				BAE6872D2C216D2800054EA5 /* ListRowView.swift in Sources */,
				BA7F05502C2136D1003C88DE /* ContentView.swift in Sources */,
				BAE687332C21747E00054EA5 /* Constants.swift in Sources */,
				BAE6872F2C21711100054EA5 /* AlarmView.swift in Sources */,
				BA959EE12C21D6E3004344CE /* DatePickerView.swift in Sources */,
				BA7F054E2C2136D1003C88DE /* SHUApp.swift in Sources */,
			);
			runOnlyForDeploymentPostprocessing = 0;
		};
/* End PBXSourcesBuildPhase section */

/* Begin XCBuildConfiguration section */
		BA7F05562C2136D2003C88DE /* Debug */ = {
			isa = XCBuildConfiguration;
			buildSettings = {
				ALWAYS_SEARCH_USER_PATHS = NO;
				ASSETCATALOG_COMPILER_GENERATE_SWIFT_ASSET_SYMBOL_EXTENSIONS = YES;
				CLANG_ANALYZER_NONNULL = YES;
				CLANG_ANALYZER_NUMBER_OBJECT_CONVERSION = YES_AGGRESSIVE;
				CLANG_CXX_LANGUAGE_STANDARD = "gnu++20";
				CLANG_ENABLE_MODULES = YES;
				CLANG_ENABLE_OBJC_ARC = YES;
				CLANG_ENABLE_OBJC_WEAK = YES;
				CLANG_WARN_BLOCK_CAPTURE_AUTORELEASING = YES;
				CLANG_WARN_BOOL_CONVERSION = YES;
				CLANG_WARN_COMMA = YES;
				CLANG_WARN_CONSTANT_CONVERSION = YES;
				CLANG_WARN_DEPRECATED_OBJC_IMPLEMENTATIONS = YES;
				CLANG_WARN_DIRECT_OBJC_ISA_USAGE = YES_ERROR;
				CLANG_WARN_DOCUMENTATION_COMMENTS = YES;
				CLANG_WARN_EMPTY_BODY = YES;
				CLANG_WARN_ENUM_CONVERSION = YES;
				CLANG_WARN_INFINITE_RECURSION = YES;
				CLANG_WARN_INT_CONVERSION = YES;
				CLANG_WARN_NON_LITERAL_NULL_CONVERSION = YES;
				CLANG_WARN_OBJC_IMPLICIT_RETAIN_SELF = YES;
				CLANG_WARN_OBJC_LITERAL_CONVERSION = YES;
				CLANG_WARN_OBJC_ROOT_CLASS = YES_ERROR;
				CLANG_WARN_QUOTED_INCLUDE_IN_FRAMEWORK_HEADER = YES;
				CLANG_WARN_RANGE_LOOP_ANALYSIS = YES;
				CLANG_WARN_STRICT_PROTOTYPES = YES;
				CLANG_WARN_SUSPICIOUS_MOVE = YES;
				CLANG_WARN_UNGUARDED_AVAILABILITY = YES_AGGRESSIVE;
				CLANG_WARN_UNREACHABLE_CODE = YES;
				CLANG_WARN__DUPLICATE_METHOD_MATCH = YES;
				COPY_PHASE_STRIP = NO;
				DEBUG_INFORMATION_FORMAT = dwarf;
				ENABLE_STRICT_OBJC_MSGSEND = YES;
				ENABLE_TESTABILITY = YES;
				ENABLE_USER_SCRIPT_SANDBOXING = YES;
				GCC_C_LANGUAGE_STANDARD = gnu17;
				GCC_DYNAMIC_NO_PIC = NO;
				GCC_NO_COMMON_BLOCKS = YES;
				GCC_OPTIMIZATION_LEVEL = 0;
				GCC_PREPROCESSOR_DEFINITIONS = (
					"DEBUG=1",
					"$(inherited)",
				);
				GCC_WARN_64_TO_32_BIT_CONVERSION = YES;
				GCC_WARN_ABOUT_RETURN_TYPE = YES_ERROR;
				GCC_WARN_UNDECLARED_SELECTOR = YES;
				GCC_WARN_UNINITIALIZED_AUTOS = YES_AGGRESSIVE;
				GCC_WARN_UNUSED_FUNCTION = YES;
				GCC_WARN_UNUSED_VARIABLE = YES;
				IPHONEOS_DEPLOYMENT_TARGET = 17.0;
				LOCALIZATION_PREFERS_STRING_CATALOGS = YES;
				MTL_ENABLE_DEBUG_INFO = INCLUDE_SOURCE;
				MTL_FAST_MATH = YES;
				ONLY_ACTIVE_ARCH = YES;
				SDKROOT = iphoneos;
				SWIFT_ACTIVE_COMPILATION_CONDITIONS = "DEBUG $(inherited)";
				SWIFT_OPTIMIZATION_LEVEL = "-Onone";
			};
			name = Debug;
		};
		BA7F05572C2136D2003C88DE /* Release */ = {
			isa = XCBuildConfiguration;
			buildSettings = {
				ALWAYS_SEARCH_USER_PATHS = NO;
				ASSETCATALOG_COMPILER_GENERATE_SWIFT_ASSET_SYMBOL_EXTENSIONS = YES;
				CLANG_ANALYZER_NONNULL = YES;
				CLANG_ANALYZER_NUMBER_OBJECT_CONVERSION = YES_AGGRESSIVE;
				CLANG_CXX_LANGUAGE_STANDARD = "gnu++20";
				CLANG_ENABLE_MODULES = YES;
				CLANG_ENABLE_OBJC_ARC = YES;
				CLANG_ENABLE_OBJC_WEAK = YES;
				CLANG_WARN_BLOCK_CAPTURE_AUTORELEASING = YES;
				CLANG_WARN_BOOL_CONVERSION = YES;
				CLANG_WARN_COMMA = YES;
				CLANG_WARN_CONSTANT_CONVERSION = YES;
				CLANG_WARN_DEPRECATED_OBJC_IMPLEMENTATIONS = YES;
				CLANG_WARN_DIRECT_OBJC_ISA_USAGE = YES_ERROR;
				CLANG_WARN_DOCUMENTATION_COMMENTS = YES;
				CLANG_WARN_EMPTY_BODY = YES;
				CLANG_WARN_ENUM_CONVERSION = YES;
				CLANG_WARN_INFINITE_RECURSION = YES;
				CLANG_WARN_INT_CONVERSION = YES;
				CLANG_WARN_NON_LITERAL_NULL_CONVERSION = YES;
				CLANG_WARN_OBJC_IMPLICIT_RETAIN_SELF = YES;
				CLANG_WARN_OBJC_LITERAL_CONVERSION = YES;
				CLANG_WARN_OBJC_ROOT_CLASS = YES_ERROR;
				CLANG_WARN_QUOTED_INCLUDE_IN_FRAMEWORK_HEADER = YES;
				CLANG_WARN_RANGE_LOOP_ANALYSIS = YES;
				CLANG_WARN_STRICT_PROTOTYPES = YES;
				CLANG_WARN_SUSPICIOUS_MOVE = YES;
				CLANG_WARN_UNGUARDED_AVAILABILITY = YES_AGGRESSIVE;
				CLANG_WARN_UNREACHABLE_CODE = YES;
				CLANG_WARN__DUPLICATE_METHOD_MATCH = YES;
				COPY_PHASE_STRIP = NO;
				DEBUG_INFORMATION_FORMAT = "dwarf-with-dsym";
				ENABLE_NS_ASSERTIONS = NO;
				ENABLE_STRICT_OBJC_MSGSEND = YES;
				ENABLE_USER_SCRIPT_SANDBOXING = YES;
				GCC_C_LANGUAGE_STANDARD = gnu17;
				GCC_NO_COMMON_BLOCKS = YES;
				GCC_WARN_64_TO_32_BIT_CONVERSION = YES;
				GCC_WARN_ABOUT_RETURN_TYPE = YES_ERROR;
				GCC_WARN_UNDECLARED_SELECTOR = YES;
				GCC_WARN_UNINITIALIZED_AUTOS = YES_AGGRESSIVE;
				GCC_WARN_UNUSED_FUNCTION = YES;
				GCC_WARN_UNUSED_VARIABLE = YES;
				IPHONEOS_DEPLOYMENT_TARGET = 17.0;
				LOCALIZATION_PREFERS_STRING_CATALOGS = YES;
				MTL_ENABLE_DEBUG_INFO = NO;
				MTL_FAST_MATH = YES;
				SDKROOT = iphoneos;
				SWIFT_COMPILATION_MODE = wholemodule;
				VALIDATE_PRODUCT = YES;
			};
			name = Release;
		};
		BA7F05592C2136D2003C88DE /* Debug */ = {
			isa = XCBuildConfiguration;
			buildSettings = {
				ASSETCATALOG_COMPILER_APPICON_NAME = AppIcon;
				ASSETCATALOG_COMPILER_GLOBAL_ACCENT_COLOR_NAME = AccentColor;
				CODE_SIGN_STYLE = Automatic;
				CURRENT_PROJECT_VERSION = 1;
				DEVELOPMENT_ASSET_PATHS = "\"SHU/Preview Content\"";
				DEVELOPMENT_TEAM = 9P8S9WN957;
				ENABLE_PREVIEWS = YES;
				GENERATE_INFOPLIST_FILE = YES;
				INFOPLIST_KEY_UIApplicationSceneManifest_Generation = YES;
				INFOPLIST_KEY_UIApplicationSupportsIndirectInputEvents = YES;
				INFOPLIST_KEY_UILaunchScreen_Generation = YES;
				INFOPLIST_KEY_UISupportedInterfaceOrientations = "UIInterfaceOrientationPortrait UIInterfaceOrientationPortraitUpsideDown";
				INFOPLIST_KEY_UISupportedInterfaceOrientations_iPad = UIInterfaceOrientationPortrait;
				IPHONEOS_DEPLOYMENT_TARGET = 17.0;
				LD_RUNPATH_SEARCH_PATHS = (
					"$(inherited)",
					"@executable_path/Frameworks",
				);
				MARKETING_VERSION = 1.0;
				PRODUCT_BUNDLE_IDENTIFIER = Paul.SHU;
				PRODUCT_NAME = "$(TARGET_NAME)";
				SUPPORTED_PLATFORMS = "iphoneos iphonesimulator";
				SUPPORTS_MACCATALYST = NO;
				SUPPORTS_MAC_DESIGNED_FOR_IPHONE_IPAD = NO;
				SUPPORTS_XR_DESIGNED_FOR_IPHONE_IPAD = NO;
				SWIFT_EMIT_LOC_STRINGS = YES;
				SWIFT_VERSION = 5.0;
				TARGETED_DEVICE_FAMILY = "1,2";
			};
			name = Debug;
		};
		BA7F055A2C2136D2003C88DE /* Release */ = {
			isa = XCBuildConfiguration;
			buildSettings = {
				ASSETCATALOG_COMPILER_APPICON_NAME = AppIcon;
				ASSETCATALOG_COMPILER_GLOBAL_ACCENT_COLOR_NAME = AccentColor;
				CODE_SIGN_STYLE = Automatic;
				CURRENT_PROJECT_VERSION = 1;
				DEVELOPMENT_ASSET_PATHS = "\"SHU/Preview Content\"";
				DEVELOPMENT_TEAM = 9P8S9WN957;
				ENABLE_PREVIEWS = YES;
				GENERATE_INFOPLIST_FILE = YES;
				INFOPLIST_KEY_UIApplicationSceneManifest_Generation = YES;
				INFOPLIST_KEY_UIApplicationSupportsIndirectInputEvents = YES;
				INFOPLIST_KEY_UILaunchScreen_Generation = YES;
				INFOPLIST_KEY_UISupportedInterfaceOrientations = "UIInterfaceOrientationPortrait UIInterfaceOrientationPortraitUpsideDown";
				INFOPLIST_KEY_UISupportedInterfaceOrientations_iPad = UIInterfaceOrientationPortrait;
				IPHONEOS_DEPLOYMENT_TARGET = 17.0;
				LD_RUNPATH_SEARCH_PATHS = (
					"$(inherited)",
					"@executable_path/Frameworks",
				);
				MARKETING_VERSION = 1.0;
				PRODUCT_BUNDLE_IDENTIFIER = Paul.SHU;
				PRODUCT_NAME = "$(TARGET_NAME)";
				SUPPORTED_PLATFORMS = "iphoneos iphonesimulator";
				SUPPORTS_MACCATALYST = NO;
				SUPPORTS_MAC_DESIGNED_FOR_IPHONE_IPAD = NO;
				SUPPORTS_XR_DESIGNED_FOR_IPHONE_IPAD = NO;
				SWIFT_EMIT_LOC_STRINGS = YES;
				SWIFT_VERSION = 5.0;
				TARGETED_DEVICE_FAMILY = "1,2";
			};
			name = Release;
		};
/* End XCBuildConfiguration section */

/* Begin XCConfigurationList section */
		BA7F05452C2136D1003C88DE /* Build configuration list for PBXProject "SHU" */ = {
			isa = XCConfigurationList;
			buildConfigurations = (
				BA7F05562C2136D2003C88DE /* Debug */,
				BA7F05572C2136D2003C88DE /* Release */,
			);
			defaultConfigurationIsVisible = 0;
			defaultConfigurationName = Release;
		};
		BA7F05582C2136D2003C88DE /* Build configuration list for PBXNativeTarget "SHU" */ = {
			isa = XCConfigurationList;
			buildConfigurations = (
				BA7F05592C2136D2003C88DE /* Debug */,
				BA7F055A2C2136D2003C88DE /* Release */,
			);
			defaultConfigurationIsVisible = 0;
			defaultConfigurationName = Release;
		};
/* End XCConfigurationList section */
	};
	rootObject = BA7F05422C2136D1003C88DE /* Project object */;
}
